version = 1

[[packages]]
name = "5ive-token"
version = "0.0.0"
address = "8taC6GzR1vwJPAhQoRmZyF2y4wJsD4xGUcGAd5eVFSeq"
bytecode_hash = "475039e3a889dc8966338d383201c27cef6c70babddfc98739df405c13fd521a"
deployed_at = "2026-03-05T00:12:55.082Z"

  [packages.exports]
  methods = [
  "initialize_mint",
  "initialize_account",
  "mint_to",
  "transfer",
  "burn",
  "approve",
  "revoke",
  "freeze_account",
  "thaw_account"
]
  interfaces = [ ]
